
Microsoft Visual Studio Solution File, Format Version 12.00
# Visual Studio Version 17
VisualStudioVersion = 17.2.32526.322
MinimumVisualStudioVersion = 10.0.40219.1
Project("{FAE04EC0-301F-11D3-BF4B-00C04F79EFBC}") = "RSA", "RSA\RSA.csproj", "{443FA3B8-BBDB-484A-9F18-63A999B41C69}"
EndProject
Global
	GlobalSection(SolutionConfigurationPlatforms) = preSolution
		Debug|Any CPU = Debug|Any CPU
		Release|Any CPU = Release|Any CPU
	EndGlobalSection
	GlobalSection(ProjectConfigurationPlatforms) = postSolution
		{443FA3B8-BBDB-484A-9F18-63A999B41C69}.Debug|Any CPU.ActiveCfg = Debug|Any CPU
		{443FA3B8-BBDB-484A-9F18-63A999B41C69}.Debug|Any CPU.Build.0 = Debug|Any CPU
		{443FA3B8-BBDB-484A-9F18-63A999B41C69}.Release|Any CPU.ActiveCfg = Release|Any CPU
		{443FA3B8-BBDB-484A-9F18-63A999B41C69}.Release|Any CPU.Build.0 = Release|Any CPU
	EndGlobalSection
	GlobalSection(SolutionProperties) = preSolution
		HideSolutionNode = FALSE
	EndGlobalSection
	GlobalSection(ExtensibilityGlobals) = postSolution
		SolutionGuid = {BA9AE83C-27F9-44F5-8258-ABAB334EBA11}
	EndGlobalSection
EndGlobal
